{
  "name": "test-chart.d",
  "lockfileVersion": 3,
  "requires": true,
  "packages": {
    "": {
      "dependencies": {
        "playground_root": "file:../.."
      }
    },
    "../..": {
      "name": "playground_root"
    },
    "node_modules/playground_root": {
      "resolved": "../..",
      "link": true
    }
  }
}
